// !$*UTF8*$!
{
	archiveVersion = 1;
	classes = {
	};
	objectVersion = 46;
	objects = {

/* Begin PBXBuildFile section */
		582DED381ED4F1B900458ED3 /* AppDelegate.swift in Sources */ = {isa = PBXBuildFile; fileRef = 582DED371ED4F1B900458ED3 /* AppDelegate.swift */; };
		582DED3A1ED4F1B900458ED3 /* ViewController.swift in Sources */ = {isa = PBXBuildFile; fileRef = 582DED391ED4F1B900458ED3 /* ViewController.swift */; };
		582DED3D1ED4F1B900458ED3 /* Main.storyboard in Resources */ = {isa = PBXBuildFile; fileRef = 582DED3B1ED4F1B900458ED3 /* Main.storyboard */; };
		582DED3F1ED4F1B900458ED3 /* Assets.xcassets in Resources */ = {isa = PBXBuildFile; fileRef = 582DED3E1ED4F1B900458ED3 /* Assets.xcassets */; };
		582DED421ED4F1B900458ED3 /* LaunchScreen.storyboard in Resources */ = {isa = PBXBuildFile; fileRef = 582DED401ED4F1B900458ED3 /* LaunchScreen.storyboard */; };
		582DED4D1ED4F1B900458ED3 /* CurrencyXchangeTests.swift in Sources */ = {isa = PBXBuildFile; fileRef = 582DED4C1ED4F1B900458ED3 /* CurrencyXchangeTests.swift */; };
		582DED581ED4F1B900458ED3 /* CurrencyXchangeUITests.swift in Sources */ = {isa = PBXBuildFile; fileRef = 582DED571ED4F1B900458ED3 /* CurrencyXchangeUITests.swift */; };
/* End PBXBuildFile section */

/* Begin PBXContainerItemProxy section */
		582DED491ED4F1B900458ED3 /* PBXContainerItemProxy */ = {
			isa = PBXContainerItemProxy;
			containerPortal = 582DED2C1ED4F1B900458ED3 /* Project object */;
			proxyType = 1;
			remoteGlobalIDString = 582DED331ED4F1B900458ED3;
			remoteInfo = CurrencyXchange;
		};
		582DED541ED4F1B900458ED3 /* PBXContainerItemProxy */ = {
			isa = PBXContainerItemProxy;
			containerPortal = 582DED2C1ED4F1B900458ED3 /* Project object */;
			proxyType = 1;
			remoteGlobalIDString = 582DED331ED4F1B900458ED3;
			remoteInfo = CurrencyXchange;
		};
/* End PBXContainerItemProxy section */

/* Begin PBXFileReference section */
		582DED341ED4F1B900458ED3 /* CurrencyXchange.app */ = {isa = PBXFileReference; explicitFileType = wrapper.application; includeInIndex = 0; path = CurrencyXchange.app; sourceTree = BUILT_PRODUCTS_DIR; };
		582DED371ED4F1B900458ED3 /* AppDelegate.swift */ = {isa = PBXFileReference; lastKnownFileType = sourcecode.swift; path = AppDelegate.swift; sourceTree = "<group>"; };
		582DED391ED4F1B900458ED3 /* ViewController.swift */ = {isa = PBXFileReference; lastKnownFileType = sourcecode.swift; path = ViewController.swift; sourceTree = "<group>"; };
		582DED3C1ED4F1B900458ED3 /* Base */ = {isa = PBXFileReference; lastKnownFileType = file.storyboard; name = Base; path = Base.lproj/Main.storyboard; sourceTree = "<group>"; };
		582DED3E1ED4F1B900458ED3 /* Assets.xcassets */ = {isa = PBXFileReference; lastKnownFileType = folder.assetcatalog; path = Assets.xcassets; sourceTree = "<group>"; };
		582DED411ED4F1B900458ED3 /* Base */ = {isa = PBXFileReference; lastKnownFileType = file.storyboard; name = Base; path = Base.lproj/LaunchScreen.storyboard; sourceTree = "<group>"; };
		582DED431ED4F1B900458ED3 /* Info.plist */ = {isa = PBXFileReference; lastKnownFileType = text.plist.xml; path = Info.plist; sourceTree = "<group>"; };
		582DED481ED4F1B900458ED3 /* CurrencyXchangeTests.xctest */ = {isa = PBXFileReference; explicitFileType = wrapper.cfbundle; includeInIndex = 0; path = CurrencyXchangeTests.xctest; sourceTree = BUILT_PRODUCTS_DIR; };
		582DED4C1ED4F1B900458ED3 /* CurrencyXchangeTests.swift */ = {isa = PBXFileReference; lastKnownFileType = sourcecode.swift; path = CurrencyXchangeTests.swift; sourceTree = "<group>"; };
		582DED4E1ED4F1B900458ED3 /* Info.plist */ = {isa = PBXFileReference; lastKnownFileType = text.plist.xml; path = Info.plist; sourceTree = "<group>"; };
		582DED531ED4F1B900458ED3 /* CurrencyXchangeUITests.xctest */ = {isa = PBXFileReference; explicitFileType = wrapper.cfbundle; includeInIndex = 0; path = CurrencyXchangeUITests.xctest; sourceTree = BUILT_PRODUCTS_DIR; };
		582DED571ED4F1B900458ED3 /* CurrencyXchangeUITests.swift */ = {isa = PBXFileReference; lastKnownFileType = sourcecode.swift; path = CurrencyXchangeUITests.swift; sourceTree = "<group>"; };
		582DED591ED4F1B900458ED3 /* Info.plist */ = {isa = PBXFileReference; lastKnownFileType = text.plist.xml; path = Info.plist; sourceTree = "<group>"; };
/* End PBXFileReference section */

/* Begin PBXFrameworksBuildPhase section */
		582DED311ED4F1B900458ED3 /* Frameworks */ = {
			isa = PBXFrameworksBuildPhase;
			buildActionMask = 2147483647;
			files = (
			);
			runOnlyForDeploymentPostprocessing = 0;
		};
		582DED451ED4F1B900458ED3 /* Frameworks */ = {
			isa = PBXFrameworksBuildPhase;
			buildActionMask = 2147483647;
			files = (
			);
			runOnlyForDeploymentPostprocessing = 0;
		};
		582DED501ED4F1B900458ED3 /* Frameworks */ = {
			isa = PBXFrameworksBuildPhase;
			buildActionMask = 2147483647;
			files = (
			);
			runOnlyForDeploymentPostprocessing = 0;
		};
/* End PBXFrameworksBuildPhase section */

/* Begin PBXGroup section */
		582DED2B1ED4F1B900458ED3 = {
			isa = PBXGroup;
			children = (
				582DED361ED4F1B900458ED3 /* CurrencyXchange */,
				582DED4B1ED4F1B900458ED3 /* CurrencyXchangeTests */,
				582DED561ED4F1B900458ED3 /* CurrencyXchangeUITests */,
				582DED351ED4F1B900458ED3 /* Products */,
			);
			sourceTree = "<group>";
		};
		582DED351ED4F1B900458ED3 /* Products */ = {
			isa = PBXGroup;
			children = (
				582DED341ED4F1B900458ED3 /* CurrencyXchange.app */,
				582DED481ED4F1B900458ED3 /* CurrencyXchangeTests.xctest */,
				582DED531ED4F1B900458ED3 /* CurrencyXchangeUITests.xctest */,
			);
			name = Products;
			sourceTree = "<group>";
		};
		582DED361ED4F1B900458ED3 /* CurrencyXchange */ = {
			isa = PBXGroup;
			children = (
				582DED371ED4F1B900458ED3 /* AppDelegate.swift */,
				582DED391ED4F1B900458ED3 /* ViewController.swift */,
				582DED3B1ED4F1B900458ED3 /* Main.storyboard */,
				582DED3E1ED4F1B900458ED3 /* Assets.xcassets */,
				582DED401ED4F1B900458ED3 /* LaunchScreen.storyboard */,
				582DED431ED4F1B900458ED3 /* Info.plist */,
			);
			path = CurrencyXchange;
			sourceTree = "<group>";
		};
		582DED4B1ED4F1B900458ED3 /* CurrencyXchangeTests */ = {
			isa = PBXGroup;
			children = (
				582DED4C1ED4F1B900458ED3 /* CurrencyXchangeTests.swift */,
				582DED4E1ED4F1B900458ED3 /* Info.plist */,
			);
			path = CurrencyXchangeTests;
			sourceTree = "<group>";
		};
		582DED561ED4F1B900458ED3 /* CurrencyXchangeUITests */ = {
			isa = PBXGroup;
			children = (
				582DED571ED4F1B900458ED3 /* CurrencyXchangeUITests.swift */,
				582DED591ED4F1B900458ED3 /* Info.plist */,
			);
			path = CurrencyXchangeUITests;
			sourceTree = "<group>";
		};
/* End PBXGroup section */

/* Begin PBXNativeTarget section */
		582DED331ED4F1B900458ED3 /* CurrencyXchange */ = {
			isa = PBXNativeTarget;
			buildConfigurationList = 582DED5C1ED4F1B900458ED3 /* Build configuration list for PBXNativeTarget "CurrencyXchange" */;
			buildPhases = (
				582DED301ED4F1B900458ED3 /* Sources */,
				582DED311ED4F1B900458ED3 /* Frameworks */,
				582DED321ED4F1B900458ED3 /* Resources */,
			);
			buildRules = (
			);
			dependencies = (
			);
			name = CurrencyXchange;
			productName = CurrencyXchange;
			productReference = 582DED341ED4F1B900458ED3 /* CurrencyXchange.app */;
			productType = "com.apple.product-type.application";
		};
		582DED471ED4F1B900458ED3 /* CurrencyXchangeTests */ = {
			isa = PBXNativeTarget;
			buildConfigurationList = 582DED5F1ED4F1B900458ED3 /* Build configuration list for PBXNativeTarget "CurrencyXchangeTests" */;
			buildPhases = (
				582DED441ED4F1B900458ED3 /* Sources */,
				582DED451ED4F1B900458ED3 /* Frameworks */,
				582DED461ED4F1B900458ED3 /* Resources */,
			);
			buildRules = (
			);
			dependencies = (
				582DED4A1ED4F1B900458ED3 /* PBXTargetDependency */,
			);
			name = CurrencyXchangeTests;
			productName = CurrencyXchangeTests;
			productReference = 582DED481ED4F1B900458ED3 /* CurrencyXchangeTests.xctest */;
			productType = "com.apple.product-type.bundle.unit-test";
		};
		582DED521ED4F1B900458ED3 /* CurrencyXchangeUITests */ = {
			isa = PBXNativeTarget;
			buildConfigurationList = 582DED621ED4F1B900458ED3 /* Build configuration list for PBXNativeTarget "CurrencyXchangeUITests" */;
			buildPhases = (
				582DED4F1ED4F1B900458ED3 /* Sources */,
				582DED501ED4F1B900458ED3 /* Frameworks */,
				582DED511ED4F1B900458ED3 /* Resources */,
			);
			buildRules = (
			);
			dependencies = (
				582DED551ED4F1B900458ED3 /* PBXTargetDependency */,
			);
			name = CurrencyXchangeUITests;
			productName = CurrencyXchangeUITests;
			productReference = 582DED531ED4F1B900458ED3 /* CurrencyXchangeUITests.xctest */;
			productType = "com.apple.product-type.bundle.ui-testing";
		};
/* End PBXNativeTarget section */

/* Begin PBXProject section */
		582DED2C1ED4F1B900458ED3 /* Project object */ = {
			isa = PBXProject;
			attributes = {
				LastSwiftUpdateCheck = 0830;
				LastUpgradeCheck = 0830;
				ORGANIZATIONNAME = "Harsh Gupta";
				TargetAttributes = {
					582DED331ED4F1B900458ED3 = {
						CreatedOnToolsVersion = 8.3.2;
						DevelopmentTeam = 369Q4W4A74;
						ProvisioningStyle = Automatic;
					};
					582DED471ED4F1B900458ED3 = {
						CreatedOnToolsVersion = 8.3.2;
						DevelopmentTeam = 369Q4W4A74;
						ProvisioningStyle = Automatic;
						TestTargetID = 582DED331ED4F1B900458ED3;
					};
					582DED521ED4F1B900458ED3 = {
						CreatedOnToolsVersion = 8.3.2;
						DevelopmentTeam = 369Q4W4A74;
						ProvisioningStyle = Automatic;
						TestTargetID = 582DED331ED4F1B900458ED3;
					};
				};
			};
			buildConfigurationList = 582DED2F1ED4F1B900458ED3 /* Build configuration list for PBXProject "CurrencyXchange" */;
			compatibilityVersion = "Xcode 3.2";
			developmentRegion = English;
			hasScannedForEncodings = 0;
			knownRegions = (
				en,
				Base,
			);
			mainGroup = 582DED2B1ED4F1B900458ED3;
			productRefGroup = 582DED351ED4F1B900458ED3 /* Products */;
			projectDirPath = "";
			projectRoot = "";
			targets = (
				582DED331ED4F1B900458ED3 /* CurrencyXchange */,
				582DED471ED4F1B900458ED3 /* CurrencyXchangeTests */,
				582DED521ED4F1B900458ED3 /* CurrencyXchangeUITests */,
			);
		};
/* End PBXProject section */

/* Begin PBXResourcesBuildPhase section */
		582DED321ED4F1B900458ED3 /* Resources */ = {
			isa = PBXResourcesBuildPhase;
			buildActionMask = 2147483647;
			files = (
				582DED421ED4F1B900458ED3 /* LaunchScreen.storyboard in Resources */,
				582DED3F1ED4F1B900458ED3 /* Assets.xcassets in Resources */,
				582DED3D1ED4F1B900458ED3 /* Main.storyboard in Resources */,
			);
			runOnlyForDeploymentPostprocessing = 0;
		};
		582DED461ED4F1B900458ED3 /* Resources */ = {
			isa = PBXResourcesBuildPhase;
			buildActionMask = 2147483647;
			files = (
			);
			runOnlyForDeploymentPostprocessing = 0;
		};
		582DED511ED4F1B900458ED3 /* Resources */ = {
			isa = PBXResourcesBuildPhase;
			buildActionMask = 2147483647;
			files = (
			);
			runOnlyForDeploymentPostprocessing = 0;
		};
/* End PBXResourcesBuildPhase section */

/* Begin PBXSourcesBuildPhase section */
		582DED301ED4F1B900458ED3 /* Sources */ = {
			isa = PBXSourcesBuildPhase;
			buildActionMask = 2147483647;
			files = (
				582DED3A1ED4F1B900458ED3 /* ViewController.swift in Sources */,
				582DED381ED4F1B900458ED3 /* AppDelegate.swift in Sources */,
			);
			runOnlyForDeploymentPostprocessing = 0;
		};
		582DED441ED4F1B900458ED3 /* Sources */ = {
			isa = PBXSourcesBuildPhase;
			buildActionMask = 2147483647;
			files = (
				582DED4D1ED4F1B900458ED3 /* CurrencyXchangeTests.swift in Sources */,
			);
			runOnlyForDeploymentPostprocessing = 0;
		};
		582DED4F1ED4F1B900458ED3 /* Sources */ = {
			isa = PBXSourcesBuildPhase;
			buildActionMask = 2147483647;
			files = (
				582DED581ED4F1B900458ED3 /* CurrencyXchangeUITests.swift in Sources */,
			);
			runOnlyForDeploymentPostprocessing = 0;
		};
/* End PBXSourcesBuildPhase section */

/* Begin PBXTargetDependency section */
		582DED4A1ED4F1B900458ED3 /* PBXTargetDependency */ = {
			isa = PBXTargetDependency;
			target = 582DED331ED4F1B900458ED3 /* CurrencyXchange */;
			targetProxy = 582DED491ED4F1B900458ED3 /* PBXContainerItemProxy */;
		};
		582DED551ED4F1B900458ED3 /* PBXTargetDependency */ = {
			isa = PBXTargetDependency;
			target = 582DED331ED4F1B900458ED3 /* CurrencyXchange */;
			targetProxy = 582DED541ED4F1B900458ED3 /* PBXContainerItemProxy */;
		};
/* End PBXTargetDependency section */

/* Begin PBXVariantGroup section */
		582DED3B1ED4F1B900458ED3 /* Main.storyboard */ = {
			isa = PBXVariantGroup;
			children = (
				582DED3C1ED4F1B900458ED3 /* Base */,
			);
			name = Main.storyboard;
			sourceTree = "<group>";
		};
		582DED401ED4F1B900458ED3 /* LaunchScreen.storyboard */ = {
			isa = PBXVariantGroup;
			children = (
				582DED411ED4F1B900458ED3 /* Base */,
			);
			name = LaunchScreen.storyboard;
			sourceTree = "<group>";
		};
/* End PBXVariantGroup section */

/* Begin XCBuildConfiguration section */
		582DED5A1ED4F1B900458ED3 /* Debug */ = {
			isa = XCBuildConfiguration;
			buildSettings = {
				ALWAYS_SEARCH_USER_PATHS = NO;
				CLANG_ANALYZER_NONNULL = YES;
				CLANG_ANALYZER_NUMBER_OBJECT_CONVERSION = YES_AGGRESSIVE;
				CLANG_CXX_LANGUAGE_STANDARD = "gnu++0x";
				CLANG_CXX_LIBRARY = "libc++";
				CLANG_ENABLE_MODULES = YES;
				CLANG_ENABLE_OBJC_ARC = YES;
				CLANG_WARN_BOOL_CONVERSION = YES;
				CLANG_WARN_CONSTANT_CONVERSION = YES;
				CLANG_WARN_DIRECT_OBJC_ISA_USAGE = YES_ERROR;
				CLANG_WARN_DOCUMENTATION_COMMENTS = YES;
				CLANG_WARN_EMPTY_BODY = YES;
				CLANG_WARN_ENUM_CONVERSION = YES;
				CLANG_WARN_INFINITE_RECURSION = YES;
				CLANG_WARN_INT_CONVERSION = YES;
				CLANG_WARN_OBJC_ROOT_CLASS = YES_ERROR;
				CLANG_WARN_SUSPICIOUS_MOVE = YES;
				CLANG_WARN_UNREACHABLE_CODE = YES;
				CLANG_WARN__DUPLICATE_METHOD_MATCH = YES;
				"CODE_SIGN_IDENTITY[sdk=iphoneos*]" = "iPhone Developer";
				COPY_PHASE_STRIP = NO;
				DEBUG_INFORMATION_FORMAT = dwarf;
				ENABLE_STRICT_OBJC_MSGSEND = YES;
				ENABLE_TESTABILITY = YES;
				GCC_C_LANGUAGE_STANDARD = gnu99;
				GCC_DYNAMIC_NO_PIC = NO;
				GCC_NO_COMMON_BLOCKS = YES;
				GCC_OPTIMIZATION_LEVEL = 0;
				GCC_PREPROCESSOR_DEFINITIONS = (
					"DEBUG=1",
					"$(inherited)",
				);
				GCC_WARN_64_TO_32_BIT_CONVERSION = YES;
				GCC_WARN_ABOUT_RETURN_TYPE = YES_ERROR;
				GCC_WARN_UNDECLARED_SELECTOR = YES;
				GCC_WARN_UNINITIALIZED_AUTOS = YES_AGGRESSIVE;
				GCC_WARN_UNUSED_FUNCTION = YES;
				GCC_WARN_UNUSED_VARIABLE = YES;
				IPHONEOS_DEPLOYMENT_TARGET = 10.3;
				MTL_ENABLE_DEBUG_INFO = YES;
				ONLY_ACTIVE_ARCH = YES;
				SDKROOT = iphoneos;
				SWIFT_ACTIVE_COMPILATION_CONDITIONS = DEBUG;
				SWIFT_OPTIMIZATION_LEVEL = "-Onone";
				TARGETED_DEVICE_FAMILY = "1,2";
			};
			name = Debug;
		};
		582DED5B1ED4F1B900458ED3 /* Release */ = {
			isa = XCBuildConfiguration;
			buildSettings = {
				ALWAYS_SEARCH_USER_PATHS = NO;
				CLANG_ANALYZER_NONNULL = YES;
				CLANG_ANALYZER_NUMBER_OBJECT_CONVERSION = YES_AGGRESSIVE;
				CLANG_CXX_LANGUAGE_STANDARD = "gnu++0x";
				CLANG_CXX_LIBRARY = "libc++";
				CLANG_ENABLE_MODULES = YES;
				CLANG_ENABLE_OBJC_ARC = YES;
				CLANG_WARN_BOOL_CONVERSION = YES;
				CLANG_WARN_CONSTANT_CONVERSION = YES;
				CLANG_WARN_DIRECT_OBJC_ISA_USAGE = YES_ERROR;
				CLANG_WARN_DOCUMENTATION_COMMENTS = YES;
				CLANG_WARN_EMPTY_BODY = YES;
				CLANG_WARN_ENUM_CONVERSION = YES;
				CLANG_WARN_INFINITE_RECURSION = YES;
				CLANG_WARN_INT_CONVERSION = YES;
				CLANG_WARN_OBJC_ROOT_CLASS = YES_ERROR;
				CLANG_WARN_SUSPICIOUS_MOVE = YES;
				CLANG_WARN_UNREACHABLE_CODE = YES;
				CLANG_WARN__DUPLICATE_METHOD_MATCH = YES;
				"CODE_SIGN_IDENTITY[sdk=iphoneos*]" = "iPhone Developer";
				COPY_PHASE_STRIP = NO;
				DEBUG_INFORMATION_FORMAT = "dwarf-with-dsym";
				ENABLE_NS_ASSERTIONS = NO;
				ENABLE_STRICT_OBJC_MSGSEND = YES;
				GCC_C_LANGUAGE_STANDARD = gnu99;
				GCC_NO_COMMON_BLOCKS = YES;
				GCC_WARN_64_TO_32_BIT_CONVERSION = YES;
				GCC_WARN_ABOUT_RETURN_TYPE = YES_ERROR;
				GCC_WARN_UNDECLARED_SELECTOR = YES;
				GCC_WARN_UNINITIALIZED_AUTOS = YES_AGGRESSIVE;
				GCC_WARN_UNUSED_FUNCTION = YES;
				GCC_WARN_UNUSED_VARIABLE = YES;
				IPHONEOS_DEPLOYMENT_TARGET = 10.3;
				MTL_ENABLE_DEBUG_INFO = NO;
				SDKROOT = iphoneos;
				SWIFT_OPTIMIZATION_LEVEL = "-Owholemodule";
				TARGETED_DEVICE_FAMILY = "1,2";
				VALIDATE_PRODUCT = YES;
			};
			name = Release;
		};
		582DED5D1ED4F1B900458ED3 /* Debug */ = {
			isa = XCBuildConfiguration;
			buildSettings = {
				ASSETCATALOG_COMPILER_APPICON_NAME = AppIcon;
				DEVELOPMENT_TEAM = 369Q4W4A74;
				INFOPLIST_FILE = CurrencyXchange/Info.plist;
				LD_RUNPATH_SEARCH_PATHS = "$(inherited) @executable_path/Frameworks";
				PRODUCT_BUNDLE_IDENTIFIER = com.apress.learnc.CurrencyXchange;
				PRODUCT_NAME = "$(TARGET_NAME)";
				SWIFT_VERSION = 3.0;
			};
			name = Debug;
		};
		582DED5E1ED4F1B900458ED3 /* Release */ = {
			isa = XCBuildConfiguration;
			buildSettings = {
				ASSETCATALOG_COMPILER_APPICON_NAME = AppIcon;
				DEVELOPMENT_TEAM = 369Q4W4A74;
				INFOPLIST_FILE = CurrencyXchange/Info.plist;
				LD_RUNPATH_SEARCH_PATHS = "$(inherited) @executable_path/Frameworks";
				PRODUCT_BUNDLE_IDENTIFIER = com.apress.learnc.CurrencyXchange;
				PRODUCT_NAME = "$(TARGET_NAME)";
				SWIFT_VERSION = 3.0;
			};
			name = Release;
		};
		582DED601ED4F1B900458ED3 /* Debug */ = {
			isa = XCBuildConfiguration;
			buildSettings = {
				ALWAYS_EMBED_SWIFT_STANDARD_LIBRARIES = YES;
				BUNDLE_LOADER = "$(TEST_HOST)";
				DEVELOPMENT_TEAM = 369Q4W4A74;
				INFOPLIST_FILE = CurrencyXchangeTests/Info.plist;
				LD_RUNPATH_SEARCH_PATHS = "$(inherited) @executable_path/Frameworks @loader_path/Frameworks";
				PRODUCT_BUNDLE_IDENTIFIER = com.apress.learnc.CurrencyXchangeTests;
				PRODUCT_NAME = "$(TARGET_NAME)";
				SWIFT_VERSION = 3.0;
				TEST_HOST = "$(BUILT_PRODUCTS_DIR)/CurrencyXchange.app/CurrencyXchange";
			};
			name = Debug;
		};
		582DED611ED4F1B900458ED3 /* Release */ = {
			isa = XCBuildConfiguration;
			buildSettings = {
				ALWAYS_EMBED_SWIFT_STANDARD_LIBRARIES = YES;
				BUNDLE_LOADER = "$(TEST_HOST)";
				DEVELOPMENT_TEAM = 369Q4W4A74;
				INFOPLIST_FILE = CurrencyXchangeTests/Info.plist;
				LD_RUNPATH_SEARCH_PATHS = "$(inherited) @executable_path/Frameworks @loader_path/Frameworks";
				PRODUCT_BUNDLE_IDENTIFIER = com.apress.learnc.CurrencyXchangeTests;
				PRODUCT_NAME = "$(TARGET_NAME)";
				SWIFT_VERSION = 3.0;
				TEST_HOST = "$(BUILT_PRODUCTS_DIR)/CurrencyXchange.app/CurrencyXchange";
			};
			name = Release;
		};
		582DED631ED4F1B900458ED3 /* Debug */ = {
			isa = XCBuildConfiguration;
			buildSettings = {
				ALWAYS_EMBED_SWIFT_STANDARD_LIBRARIES = YES;
				DEVELOPMENT_TEAM = 369Q4W4A74;
				INFOPLIST_FILE = CurrencyXchangeUITests/Info.plist;
				LD_RUNPATH_SEARCH_PATHS = "$(inherited) @executable_path/Frameworks @loader_path/Frameworks";
				PRODUCT_BUNDLE_IDENTIFIER = com.apress.learnc.CurrencyXchangeUITests;
				PRODUCT_NAME = "$(TARGET_NAME)";
				SWIFT_VERSION = 3.0;
				TEST_TARGET_NAME = CurrencyXchange;
			};
			name = Debug;
		};
		582DED641ED4F1B900458ED3 /* Release */ = {
			isa = XCBuildConfiguration;
			buildSettings = {
				ALWAYS_EMBED_SWIFT_STANDARD_LIBRARIES = YES;
				DEVELOPMENT_TEAM = 369Q4W4A74;
				INFOPLIST_FILE = CurrencyXchangeUITests/Info.plist;
				LD_RUNPATH_SEARCH_PATHS = "$(inherited) @executable_path/Frameworks @loader_path/Frameworks";
				PRODUCT_BUNDLE_IDENTIFIER = com.apress.learnc.CurrencyXchangeUITests;
				PRODUCT_NAME = "$(TARGET_NAME)";
				SWIFT_VERSION = 3.0;
				TEST_TARGET_NAME = CurrencyXchange;
			};
			name = Release;
		};
/* End XCBuildConfiguration section */

/* Begin XCConfigurationList section */
		582DED2F1ED4F1B900458ED3 /* Build configuration list for PBXProject "CurrencyXchange" */ = {
			isa = XCConfigurationList;
			buildConfigurations = (
				582DED5A1ED4F1B900458ED3 /* Debug */,
				582DED5B1ED4F1B900458ED3 /* Release */,
			);
			defaultConfigurationIsVisible = 0;
			defaultConfigurationName = Release;
		};
		582DED5C1ED4F1B900458ED3 /* Build configuration list for PBXNativeTarget "CurrencyXchange" */ = {
			isa = XCConfigurationList;
			buildConfigurations = (
				582DED5D1ED4F1B900458ED3 /* Debug */,
				582DED5E1ED4F1B900458ED3 /* Release */,
			);
			defaultConfigurationIsVisible = 0;
		};
		582DED5F1ED4F1B900458ED3 /* Build configuration list for PBXNativeTarget "CurrencyXchangeTests" */ = {
			isa = XCConfigurationList;
			buildConfigurations = (
				582DED601ED4F1B900458ED3 /* Debug */,
				582DED611ED4F1B900458ED3 /* Release */,
			);
			defaultConfigurationIsVisible = 0;
		};
		582DED621ED4F1B900458ED3 /* Build configuration list for PBXNativeTarget "CurrencyXchangeUITests" */ = {
			isa = XCConfigurationList;
			buildConfigurations = (
				582DED631ED4F1B900458ED3 /* Debug */,
				582DED641ED4F1B900458ED3 /* Release */,
			);
			defaultConfigurationIsVisible = 0;
		};
/* End XCConfigurationList section */
	};
	rootObject = 582DED2C1ED4F1B900458ED3 /* Project object */;
}
